
Microsoft Visual Studio Solution File, Format Version 12.00
# Visual Studio Version 17
VisualStudioVersion = 17.7.34024.191
MinimumVisualStudioVersion = 10.0.40219.1
Project("{FAE04EC0-301F-11D3-BF4B-00C04F79EFBC}") = "CUMULITATIVE-ASSIGN-1", "CUMULITATIVE-ASSIGN-1.csproj", "{7F8017CA-6AF6-4964-9AD7-1DF2DF87E83E}"
EndProject
Global
	GlobalSection(SolutionConfigurationPlatforms) = preSolution
		Debug|Any CPU = Debug|Any CPU
		Release|Any CPU = Release|Any CPU
	EndGlobalSection
	GlobalSection(ProjectConfigurationPlatforms) = postSolution
		{7F8017CA-6AF6-4964-9AD7-1DF2DF87E83E}.Debug|Any CPU.ActiveCfg = Debug|Any CPU
		{7F8017CA-6AF6-4964-9AD7-1DF2DF87E83E}.Debug|Any CPU.Build.0 = Debug|Any CPU
		{7F8017CA-6AF6-4964-9AD7-1DF2DF87E83E}.Release|Any CPU.ActiveCfg = Release|Any CPU
		{7F8017CA-6AF6-4964-9AD7-1DF2DF87E83E}.Release|Any CPU.Build.0 = Release|Any CPU
	EndGlobalSection
	GlobalSection(SolutionProperties) = preSolution
		HideSolutionNode = FALSE
	EndGlobalSection
	GlobalSection(ExtensibilityGlobals) = postSolution
		SolutionGuid = {301B641F-E1AA-4EE3-A7E3-6BB505CE4FB6}
	EndGlobalSection
EndGlobal
